<?xml version="1.0" encoding="utf-8"?>
<Project ToolsVersion="4.0" xmlns="http://schemas.microsoft.com/developer/msbuild/2003">
  <ItemGroup>
    <Filter Include="ソース ファイル">
      <UniqueIdentifier>{4FC737F1-C7A5-4376-A066-2A32D752A2FF}</UniqueIdentifier>
      <Extensions>cpp;c;cc;cxx;c++;cppm;ixx;def;odl;idl;hpj;bat;asm;asmx</Extensions>
    </Filter>
    <Filter Include="ヘッダー ファイル">
      <UniqueIdentifier>{93995380-89BD-4b04-88EB-625FBE52EBFB}</UniqueIdentifier>
      <Extensions>h;hh;hpp;hxx;h++;hm;inl;inc;ipp;xsd</Extensions>
    </Filter>
    <Filter Include="リソース ファイル">
      <UniqueIdentifier>{67DA6AB6-F800-4c08-8B7A-83BB121AAD01}</UniqueIdentifier>
      <Extensions>rc;ico;cur;bmp;dlg;rc2;rct;bin;rgs;gif;jpg;jpeg;jpe;resx;tiff;tif;png;wav;mfcribbon-ms</Extensions>
    </Filter>
    <Filter Include="debugCamera">
      <UniqueIdentifier>{7a2ec368-af41-4bee-8928-27928d81dff6}</UniqueIdentifier>
    </Filter>
    <Filter Include="math">
      <UniqueIdentifier>{758a4b7f-54bf-4e22-9b22-3fe1c90ac298}</UniqueIdentifier>
    </Filter>
    <Filter Include="math\ソース">
      <UniqueIdentifier>{0c0bbc6b-9fbd-4b17-a0a3-b1d86f52b772}</UniqueIdentifier>
    </Filter>
    <Filter Include="math\ヘッダー">
      <UniqueIdentifier>{cf199f77-ef45-4d1a-9eb5-a4ee66c5c778}</UniqueIdentifier>
    </Filter>
    <Filter Include="input">
      <UniqueIdentifier>{a6eb674f-3ddc-4ba7-a08d-a0dcf35d9008}</UniqueIdentifier>
    </Filter>
    <Filter Include="外部ファイル">
      <UniqueIdentifier>{4ba06eec-9368-434e-a941-7c9522d35c76}</UniqueIdentifier>
    </Filter>
    <Filter Include="外部ファイル\audio">
      <UniqueIdentifier>{635d8fbb-97fb-43d3-b944-7efc1dd93b63}</UniqueIdentifier>
    </Filter>
    <Filter Include="外部ファイル\imgui">
      <UniqueIdentifier>{d160ec92-23c1-4dd0-ac50-c2779c268842}</UniqueIdentifier>
    </Filter>
    <Filter Include="audio">
      <UniqueIdentifier>{6670dcda-003c-430e-a2b9-d1f9f823f6db}</UniqueIdentifier>
    </Filter>
    <Filter Include="engine">
      <UniqueIdentifier>{5f17eab5-bc29-453d-8a6c-b5b969191ccb}</UniqueIdentifier>
    </Filter>
    <Filter Include="engine\directXCommon">
      <UniqueIdentifier>{692dc3d7-6216-4d0a-ba9d-69971ff21ee8}</UniqueIdentifier>
    </Filter>
  </ItemGroup>
  <ItemGroup>
    <ClCompile Include="main.cpp">
      <Filter>ソース ファイル</Filter>
    </ClCompile>
    <ClCompile Include="externals\imgui\imgui.cpp">
      <Filter>外部ファイル\imgui</Filter>
    </ClCompile>
    <ClCompile Include="externals\imgui\imgui_demo.cpp">
      <Filter>外部ファイル\imgui</Filter>
    </ClCompile>
    <ClCompile Include="externals\imgui\imgui_draw.cpp">
      <Filter>外部ファイル\imgui</Filter>
    </ClCompile>
    <ClCompile Include="externals\imgui\imgui_impl_dx12.cpp">
      <Filter>外部ファイル\imgui</Filter>
    </ClCompile>
    <ClCompile Include="externals\imgui\imgui_impl_win32.cpp">
      <Filter>外部ファイル\imgui</Filter>
    </ClCompile>
    <ClCompile Include="externals\imgui\imgui_tables.cpp">
      <Filter>外部ファイル\imgui</Filter>
    </ClCompile>
    <ClCompile Include="externals\imgui\imgui_widgets.cpp">
      <Filter>外部ファイル\imgui</Filter>
    </ClCompile>
    <ClCompile Include="MyMath\Convert.cpp">
      <Filter>math\ソース</Filter>
    </ClCompile>
    <ClCompile Include="MyMath\Matrix.cpp">
      <Filter>math\ソース</Filter>
    </ClCompile>
    <ClCompile Include="MyMath\vector.cpp">
      <Filter>math\ソース</Filter>
    </ClCompile>
    <ClCompile Include="externals\Audio\xaudio_player_mf.cpp">
      <Filter>外部ファイル\audio</Filter>
    </ClCompile>
    <ClCompile Include="debugCamera\DebugCamera.cpp">
      <Filter>debugCamera</Filter>
    </ClCompile>
    <ClCompile Include="input\InputKey.cpp">
      <Filter>input</Filter>
    </ClCompile>
    <ClCompile Include="audio\AudioPlayer.cpp">
      <Filter>audio</Filter>
    </ClCompile>
  </ItemGroup>
  <ItemGroup>
    <FxCompile Include="Object3d.VS.hlsl" />
    <FxCompile Include="Object3d.PS.hlsl" />
  </ItemGroup>
  <ItemGroup>
    <ClInclude Include="externals\imgui\imconfig.h">
      <Filter>外部ファイル\imgui</Filter>
    </ClInclude>
    <ClInclude Include="externals\imgui\imgui.h">
      <Filter>外部ファイル\imgui</Filter>
    </ClInclude>
    <ClInclude Include="externals\imgui\imgui_impl_dx12.h">
      <Filter>外部ファイル\imgui</Filter>
    </ClInclude>
    <ClInclude Include="externals\imgui\imgui_impl_win32.h">
      <Filter>外部ファイル\imgui</Filter>
    </ClInclude>
    <ClInclude Include="externals\imgui\imgui_internal.h">
      <Filter>外部ファイル\imgui</Filter>
    </ClInclude>
    <ClInclude Include="externals\imgui\imstb_rectpack.h">
      <Filter>外部ファイル\imgui</Filter>
    </ClInclude>
    <ClInclude Include="externals\imgui\imstb_textedit.h">
      <Filter>外部ファイル\imgui</Filter>
    </ClInclude>
    <ClInclude Include="externals\imgui\imstb_truetype.h">
      <Filter>外部ファイル\imgui</Filter>
    </ClInclude>
    <ClInclude Include="MyMath\Convert.h">
      <Filter>math\ヘッダー</Filter>
    </ClInclude>
    <ClInclude Include="MyMath\Matrix.h">
      <Filter>math\ヘッダー</Filter>
    </ClInclude>
    <ClInclude Include="MyMath\Struct.h">
      <Filter>math\ヘッダー</Filter>
    </ClInclude>
    <ClInclude Include="MyMath\vector.h">
      <Filter>math\ヘッダー</Filter>
    </ClInclude>
    <ClInclude Include="externals\Audio\common.h">
      <Filter>外部ファイル\audio</Filter>
    </ClInclude>
    <ClInclude Include="externals\Audio\xaudio_player_core.h">
      <Filter>外部ファイル\audio</Filter>
    </ClInclude>
    <ClInclude Include="externals\Audio\xaudio_player_mf.h">
      <Filter>外部ファイル\audio</Filter>
    </ClInclude>
    <ClInclude Include="debugCamera\DebugCamera.h">
      <Filter>debugCamera</Filter>
    </ClInclude>
    <ClInclude Include="input\InputKey.h">
      <Filter>input</Filter>
    </ClInclude>
    <ClInclude Include="audio\AudioPlayer.h">
      <Filter>audio</Filter>
    </ClInclude>
  </ItemGroup>
  <ItemGroup>
    <Text Include="externals\imgui\LICENSE.txt">
      <Filter>外部ファイル\imgui</Filter>
    </Text>
  </ItemGroup>
  <ItemGroup>
    <None Include="Object3d.hlsli" />
  </ItemGroup>
</Project>