<?xml version="1.0" encoding="utf-8"?>
<Project ToolsVersion="4.0" xmlns="http://schemas.microsoft.com/developer/msbuild/2003">
  <ItemGroup>
    <Filter Include="ソース ファイル">
      <UniqueIdentifier>{4FC737F1-C7A5-4376-A066-2A32D752A2FF}</UniqueIdentifier>
      <Extensions>cpp;c;cc;cxx;c++;cppm;ixx;def;odl;idl;hpj;bat;asm;asmx</Extensions>
    </Filter>
    <Filter Include="ヘッダー ファイル">
      <UniqueIdentifier>{93995380-89BD-4b04-88EB-625FBE52EBFB}</UniqueIdentifier>
      <Extensions>h;hh;hpp;hxx;h++;hm;inl;inc;ipp;xsd</Extensions>
    </Filter>
    <Filter Include="リソース ファイル">
      <UniqueIdentifier>{67DA6AB6-F800-4c08-8B7A-83BB121AAD01}</UniqueIdentifier>
      <Extensions>rc;ico;cur;bmp;dlg;rc2;rct;bin;rgs;gif;jpg;jpeg;jpe;resx;tiff;tif;png;wav;mfcribbon-ms</Extensions>
    </Filter>
    <Filter Include="外部ファイル">
      <UniqueIdentifier>{4ba06eec-9368-434e-a941-7c9522d35c76}</UniqueIdentifier>
    </Filter>
    <Filter Include="外部ファイル\audio">
      <UniqueIdentifier>{635d8fbb-97fb-43d3-b944-7efc1dd93b63}</UniqueIdentifier>
    </Filter>
    <Filter Include="外部ファイル\imgui">
      <UniqueIdentifier>{d160ec92-23c1-4dd0-ac50-c2779c268842}</UniqueIdentifier>
    </Filter>
    <Filter Include="engine">
      <UniqueIdentifier>{5f17eab5-bc29-453d-8a6c-b5b969191ccb}</UniqueIdentifier>
    </Filter>
    <Filter Include="engine\directXCommon">
      <UniqueIdentifier>{692dc3d7-6216-4d0a-ba9d-69971ff21ee8}</UniqueIdentifier>
    </Filter>
    <Filter Include="engine\Func">
      <UniqueIdentifier>{d0d67792-311d-4379-b069-f9b23b798df7}</UniqueIdentifier>
    </Filter>
    <Filter Include="engine\imgui">
      <UniqueIdentifier>{61660af8-a1e4-4621-ba18-e8c7c2a327d9}</UniqueIdentifier>
    </Filter>
    <Filter Include="engine\pso">
      <UniqueIdentifier>{7a8c7d1c-a09d-4cc8-b06e-72132bff0e79}</UniqueIdentifier>
    </Filter>
    <Filter Include="engine\input">
      <UniqueIdentifier>{a6eb674f-3ddc-4ba7-a08d-a0dcf35d9008}</UniqueIdentifier>
    </Filter>
    <Filter Include="engine\texture">
      <UniqueIdentifier>{96a45f9a-345d-443a-a1fe-fc0d8f568c30}</UniqueIdentifier>
    </Filter>
    <Filter Include="engine\audio">
      <UniqueIdentifier>{6670dcda-003c-430e-a2b9-d1f9f823f6db}</UniqueIdentifier>
    </Filter>
    <Filter Include="engine\model">
      <UniqueIdentifier>{1c05ca22-0f61-41fb-8493-32755ab606a8}</UniqueIdentifier>
    </Filter>
    <Filter Include="engine\camera">
      <UniqueIdentifier>{72034ad0-fae9-4e07-b141-f7b6a9a6b86a}</UniqueIdentifier>
    </Filter>
    <Filter Include="engine\math">
      <UniqueIdentifier>{758a4b7f-54bf-4e22-9b22-3fe1c90ac298}</UniqueIdentifier>
    </Filter>
    <Filter Include="engine\math\ソース">
      <UniqueIdentifier>{0c0bbc6b-9fbd-4b17-a0a3-b1d86f52b772}</UniqueIdentifier>
    </Filter>
    <Filter Include="engine\math\ヘッダー">
      <UniqueIdentifier>{cf199f77-ef45-4d1a-9eb5-a4ee66c5c778}</UniqueIdentifier>
    </Filter>
    <Filter Include="engine\sprite">
      <UniqueIdentifier>{8c687e92-30a5-41af-a221-88eb0af97a08}</UniqueIdentifier>
    </Filter>
    <Filter Include="engine\color">
      <UniqueIdentifier>{94a88ef5-e7c6-4281-8040-35b348a1800e}</UniqueIdentifier>
    </Filter>
    <Filter Include="AL3">
      <UniqueIdentifier>{ca4775d8-c24a-499a-a108-cb033c567195}</UniqueIdentifier>
    </Filter>
    <Filter Include="AL3\gameScene">
      <UniqueIdentifier>{e0e6f089-41d7-4bf2-9025-8231d9707b91}</UniqueIdentifier>
    </Filter>
    <Filter Include="AL3\敵関連">
      <UniqueIdentifier>{6b3506b9-a581-46ab-803c-eda6a47b9632}</UniqueIdentifier>
    </Filter>
    <Filter Include="AL3\敵関連\enemy">
      <UniqueIdentifier>{d8e3c081-3009-458e-aae9-97dd22249e01}</UniqueIdentifier>
    </Filter>
    <Filter Include="AL3\敵関連\enemyBullet">
      <UniqueIdentifier>{7e65f27e-7433-4498-bfd4-2c9f5d3beb28}</UniqueIdentifier>
    </Filter>
    <Filter Include="AL3\プレイヤー関連">
      <UniqueIdentifier>{8bbe0a1b-ae19-4100-bab6-b0be39a9b481}</UniqueIdentifier>
    </Filter>
    <Filter Include="AL3\プレイヤー関連\player">
      <UniqueIdentifier>{c46add73-c0f6-4dce-9359-eae34b5b64db}</UniqueIdentifier>
    </Filter>
    <Filter Include="AL3\プレイヤー関連\playerBullet">
      <UniqueIdentifier>{658bbd93-e4cf-43f2-a78e-de68c3642437}</UniqueIdentifier>
    </Filter>
    <Filter Include="AL3\汎用ファイル">
      <UniqueIdentifier>{9123b8ce-79a2-4098-a96d-01111b742acc}</UniqueIdentifier>
    </Filter>
    <Filter Include="AL3\汎用ファイル\timedCall">
      <UniqueIdentifier>{fe82c384-471a-49f0-bf76-083c060d186f}</UniqueIdentifier>
    </Filter>
    <Filter Include="AL3\汎用ファイル\collider">
      <UniqueIdentifier>{a136d659-b06c-4658-819d-c6e665280719}</UniqueIdentifier>
    </Filter>
    <Filter Include="AL3\manager">
      <UniqueIdentifier>{336a3ec5-e3f0-4240-876d-0fc4e520dd22}</UniqueIdentifier>
    </Filter>
    <Filter Include="AL3\汎用ファイル\skydome">
      <UniqueIdentifier>{44430aad-67ce-4b4f-9347-47b2ba75f538}</UniqueIdentifier>
    </Filter>
  </ItemGroup>
  <ItemGroup>
    <ClCompile Include="externals\imgui\imgui.cpp">
      <Filter>外部ファイル\imgui</Filter>
    </ClCompile>
    <ClCompile Include="externals\imgui\imgui_demo.cpp">
      <Filter>外部ファイル\imgui</Filter>
    </ClCompile>
    <ClCompile Include="externals\imgui\imgui_draw.cpp">
      <Filter>外部ファイル\imgui</Filter>
    </ClCompile>
    <ClCompile Include="externals\imgui\imgui_impl_dx12.cpp">
      <Filter>外部ファイル\imgui</Filter>
    </ClCompile>
    <ClCompile Include="externals\imgui\imgui_impl_win32.cpp">
      <Filter>外部ファイル\imgui</Filter>
    </ClCompile>
    <ClCompile Include="externals\imgui\imgui_tables.cpp">
      <Filter>外部ファイル\imgui</Filter>
    </ClCompile>
    <ClCompile Include="externals\imgui\imgui_widgets.cpp">
      <Filter>外部ファイル\imgui</Filter>
    </ClCompile>
    <ClCompile Include="externals\Audio\xaudio_player_mf.cpp">
      <Filter>外部ファイル\audio</Filter>
    </ClCompile>
    <ClCompile Include="engine\common\DirectXCommon.cpp">
      <Filter>engine\directXCommon</Filter>
    </ClCompile>
    <ClCompile Include="engine\function\Utility.cpp">
      <Filter>engine\Func</Filter>
    </ClCompile>
    <ClCompile Include="engine\imgui\ImGuiManager.cpp">
      <Filter>engine\imgui</Filter>
    </ClCompile>
    <ClCompile Include="engine\input\Input.cpp">
      <Filter>engine\input</Filter>
    </ClCompile>
    <ClCompile Include="engine\texture\TextureManager.cpp">
      <Filter>engine\texture</Filter>
    </ClCompile>
    <ClCompile Include="engine\pso\PSO.cpp">
      <Filter>engine\pso</Filter>
    </ClCompile>
    <ClCompile Include="engine\audio\AudioPlayer.cpp">
      <Filter>engine\audio</Filter>
    </ClCompile>
    <ClCompile Include="engine\math\Convert.cpp">
      <Filter>engine\math\ソース</Filter>
    </ClCompile>
    <ClCompile Include="engine\math\Matrix.cpp">
      <Filter>engine\math\ソース</Filter>
    </ClCompile>
    <ClCompile Include="engine\math\vector.cpp">
      <Filter>engine\math\ソース</Filter>
    </ClCompile>
    <ClCompile Include="engine\model\Model.cpp">
      <Filter>engine\model</Filter>
    </ClCompile>
    <ClCompile Include="engine\bonjin\BonjinEngine.cpp">
      <Filter>engine</Filter>
    </ClCompile>
    <ClCompile Include="engine\camera\Camera.cpp">
      <Filter>engine\camera</Filter>
    </ClCompile>
    <ClCompile Include="engine\sprite\sprite.cpp">
      <Filter>engine\sprite</Filter>
    </ClCompile>
    <ClCompile Include="engine\color\Color.cpp">
      <Filter>engine\color</Filter>
    </ClCompile>
    <ClCompile Include="main.cpp">
      <Filter>ヘッダー ファイル</Filter>
    </ClCompile>
    <ClCompile Include="game\GameScene.cpp">
      <Filter>AL3\gameScene</Filter>
    </ClCompile>
    <ClCompile Include="game\utility\TimedCall.cpp">
      <Filter>AL3\汎用ファイル\timedCall</Filter>
    </ClCompile>
    <ClCompile Include="game\player\Player.cpp">
      <Filter>AL3\プレイヤー関連\player</Filter>
    </ClCompile>
    <ClCompile Include="game\player\PlayerBullet.cpp">
      <Filter>AL3\プレイヤー関連\playerBullet</Filter>
    </ClCompile>
    <ClCompile Include="game\enemy\EnemyBullet.cpp">
      <Filter>AL3\敵関連\enemyBullet</Filter>
    </ClCompile>
    <ClCompile Include="game\enemy\Enemy.cpp">
      <Filter>AL3\敵関連\enemy</Filter>
    </ClCompile>
    <ClCompile Include="game\utility\Collider.cpp">
      <Filter>AL3\汎用ファイル\collider</Filter>
    </ClCompile>
    <ClCompile Include="game\manager\CollisionManager.cpp">
      <Filter>AL3\manager</Filter>
    </ClCompile>
    <ClCompile Include="game\utility\Skydome.cpp">
      <Filter>AL3\汎用ファイル\skydome</Filter>
    </ClCompile>
  </ItemGroup>
  <ItemGroup>
    <ClInclude Include="externals\imgui\imconfig.h">
      <Filter>外部ファイル\imgui</Filter>
    </ClInclude>
    <ClInclude Include="externals\imgui\imgui.h">
      <Filter>外部ファイル\imgui</Filter>
    </ClInclude>
    <ClInclude Include="externals\imgui\imgui_impl_dx12.h">
      <Filter>外部ファイル\imgui</Filter>
    </ClInclude>
    <ClInclude Include="externals\imgui\imgui_impl_win32.h">
      <Filter>外部ファイル\imgui</Filter>
    </ClInclude>
    <ClInclude Include="externals\imgui\imgui_internal.h">
      <Filter>外部ファイル\imgui</Filter>
    </ClInclude>
    <ClInclude Include="externals\imgui\imstb_rectpack.h">
      <Filter>外部ファイル\imgui</Filter>
    </ClInclude>
    <ClInclude Include="externals\imgui\imstb_textedit.h">
      <Filter>外部ファイル\imgui</Filter>
    </ClInclude>
    <ClInclude Include="externals\imgui\imstb_truetype.h">
      <Filter>外部ファイル\imgui</Filter>
    </ClInclude>
    <ClInclude Include="externals\Audio\common.h">
      <Filter>外部ファイル\audio</Filter>
    </ClInclude>
    <ClInclude Include="externals\Audio\xaudio_player_core.h">
      <Filter>外部ファイル\audio</Filter>
    </ClInclude>
    <ClInclude Include="externals\Audio\xaudio_player_mf.h">
      <Filter>外部ファイル\audio</Filter>
    </ClInclude>
    <ClInclude Include="engine\function\Utility.h">
      <Filter>engine\Func</Filter>
    </ClInclude>
    <ClInclude Include="engine\imgui\ImGuiManager.h">
      <Filter>engine\imgui</Filter>
    </ClInclude>
    <ClInclude Include="engine\input\Input.h">
      <Filter>engine\input</Filter>
    </ClInclude>
    <ClInclude Include="engine\texture\TextureManager.h">
      <Filter>engine\texture</Filter>
    </ClInclude>
    <ClInclude Include="engine\pso\PSO.h">
      <Filter>engine\pso</Filter>
    </ClInclude>
    <ClInclude Include="engine\audio\AudioPlayer.h">
      <Filter>engine\audio</Filter>
    </ClInclude>
    <ClInclude Include="engine\math\vector.h">
      <Filter>engine\math\ヘッダー</Filter>
    </ClInclude>
    <ClInclude Include="engine\math\Matrix.h">
      <Filter>engine\math\ヘッダー</Filter>
    </ClInclude>
    <ClInclude Include="engine\math\Convert.h">
      <Filter>engine\math\ヘッダー</Filter>
    </ClInclude>
    <ClInclude Include="engine\model\Model.h">
      <Filter>engine\model</Filter>
    </ClInclude>
    <ClInclude Include="engine\bonjin\BonjinEngine.h">
      <Filter>engine</Filter>
    </ClInclude>
    <ClInclude Include="engine\math\Struct.h">
      <Filter>engine\math\ヘッダー</Filter>
    </ClInclude>
    <ClInclude Include="engine\camera\Camera.h">
      <Filter>engine\camera</Filter>
    </ClInclude>
    <ClInclude Include="engine\sprite\sprite.h">
      <Filter>engine\sprite</Filter>
    </ClInclude>
    <ClInclude Include="engine\common\DirectXCommon.h">
      <Filter>engine\directXCommon</Filter>
    </ClInclude>
    <ClInclude Include="engine\color\Color.h">
      <Filter>engine\color</Filter>
    </ClInclude>
    <ClInclude Include="game\GameScene.h">
      <Filter>AL3\gameScene</Filter>
    </ClInclude>
    <ClInclude Include="game\utility\TimedCall.h">
      <Filter>AL3\汎用ファイル\timedCall</Filter>
    </ClInclude>
    <ClInclude Include="game\player\Player.h">
      <Filter>AL3\プレイヤー関連\player</Filter>
    </ClInclude>
    <ClInclude Include="game\player\PlayerBullet.h">
      <Filter>AL3\プレイヤー関連\playerBullet</Filter>
    </ClInclude>
    <ClInclude Include="game\enemy\Enemy.h">
      <Filter>AL3\敵関連\enemy</Filter>
    </ClInclude>
    <ClInclude Include="game\enemy\EnemyBullet.h">
      <Filter>AL3\敵関連\enemyBullet</Filter>
    </ClInclude>
    <ClInclude Include="game\utility\Collider.h">
      <Filter>AL3\汎用ファイル\collider</Filter>
    </ClInclude>
    <ClInclude Include="game\utility\CollisionConfig.h">
      <Filter>AL3\汎用ファイル\collider</Filter>
    </ClInclude>
    <ClInclude Include="game\manager\CollisionManager.h">
      <Filter>AL3\manager</Filter>
    </ClInclude>
    <ClInclude Include="game\utility\Skydome.h">
      <Filter>AL3\汎用ファイル\skydome</Filter>
    </ClInclude>
  </ItemGroup>
  <ItemGroup>
    <Text Include="externals\imgui\LICENSE.txt">
      <Filter>外部ファイル\imgui</Filter>
    </Text>
  </ItemGroup>
  <ItemGroup>
    <None Include="engine\shander\Object3d.hlsli" />
  </ItemGroup>
  <ItemGroup>
    <FxCompile Include="engine\shander\Object3d.PS.hlsl" />
    <FxCompile Include="engine\shander\Object3d.VS.hlsl" />
  </ItemGroup>
</Project>