
Microsoft Visual Studio Solution File, Format Version 12.00
# Visual Studio Version 17
VisualStudioVersion = 17.14.36401.2 d17.14
MinimumVisualStudioVersion = 10.0.40219.1
Project("{8BC9CEB8-8B4A-11D0-8D11-00A0C91BC942}") = "BonjinEngine", "BonjinEngine.vcxproj", "{8C60644E-924D-4389-B601-CF5D2C5C0805}"
EndProject
Global
	GlobalSection(SolutionConfigurationPlatforms) = preSolution
		Debug|x64 = Debug|x64
		Development|x64 = Development|x64
		Release|x64 = Release|x64
	EndGlobalSection
	GlobalSection(ProjectConfigurationPlatforms) = postSolution
		{8C60644E-924D-4389-B601-CF5D2C5C0805}.Debug|x64.ActiveCfg = Debug|x64
		{8C60644E-924D-4389-B601-CF5D2C5C0805}.Debug|x64.Build.0 = Debug|x64
		{8C60644E-924D-4389-B601-CF5D2C5C0805}.Development|x64.ActiveCfg = Development|x64
		{8C60644E-924D-4389-B601-CF5D2C5C0805}.Development|x64.Build.0 = Development|x64
		{8C60644E-924D-4389-B601-CF5D2C5C0805}.Release|x64.ActiveCfg = Release|x64
		{8C60644E-924D-4389-B601-CF5D2C5C0805}.Release|x64.Build.0 = Release|x64
	EndGlobalSection
	GlobalSection(SolutionProperties) = preSolution
		HideSolutionNode = FALSE
	EndGlobalSection
	GlobalSection(ExtensibilityGlobals) = postSolution
		SolutionGuid = {16CBDC17-BBD9-479F-B9BB-AB80D7144256}
	EndGlobalSection
EndGlobal
