<?xml version="1.0" encoding="utf-8"?>
<Project ToolsVersion="4.0" xmlns="http://schemas.microsoft.com/developer/msbuild/2003">
  <ItemGroup>
    <Filter Include="ソース ファイル">
      <UniqueIdentifier>{4FC737F1-C7A5-4376-A066-2A32D752A2FF}</UniqueIdentifier>
      <Extensions>cpp;c;cc;cxx;c++;cppm;ixx;def;odl;idl;hpj;bat;asm;asmx</Extensions>
    </Filter>
    <Filter Include="ヘッダー ファイル">
      <UniqueIdentifier>{93995380-89BD-4b04-88EB-625FBE52EBFB}</UniqueIdentifier>
      <Extensions>h;hh;hpp;hxx;h++;hm;inl;inc;ipp;xsd</Extensions>
    </Filter>
    <Filter Include="リソース ファイル">
      <UniqueIdentifier>{67DA6AB6-F800-4c08-8B7A-83BB121AAD01}</UniqueIdentifier>
      <Extensions>rc;ico;cur;bmp;dlg;rc2;rct;bin;rgs;gif;jpg;jpeg;jpe;resx;tiff;tif;png;wav;mfcribbon-ms</Extensions>
    </Filter>
    <Filter Include="外部ファイル">
      <UniqueIdentifier>{4ba06eec-9368-434e-a941-7c9522d35c76}</UniqueIdentifier>
    </Filter>
    <Filter Include="外部ファイル\audio">
      <UniqueIdentifier>{635d8fbb-97fb-43d3-b944-7efc1dd93b63}</UniqueIdentifier>
    </Filter>
    <Filter Include="外部ファイル\imgui">
      <UniqueIdentifier>{d160ec92-23c1-4dd0-ac50-c2779c268842}</UniqueIdentifier>
    </Filter>
    <Filter Include="engine">
      <UniqueIdentifier>{5f17eab5-bc29-453d-8a6c-b5b969191ccb}</UniqueIdentifier>
    </Filter>
    <Filter Include="engine\directXCommon">
      <UniqueIdentifier>{692dc3d7-6216-4d0a-ba9d-69971ff21ee8}</UniqueIdentifier>
    </Filter>
    <Filter Include="engine\Func">
      <UniqueIdentifier>{d0d67792-311d-4379-b069-f9b23b798df7}</UniqueIdentifier>
    </Filter>
    <Filter Include="engine\imgui">
      <UniqueIdentifier>{61660af8-a1e4-4621-ba18-e8c7c2a327d9}</UniqueIdentifier>
    </Filter>
    <Filter Include="engine\pso">
      <UniqueIdentifier>{7a8c7d1c-a09d-4cc8-b06e-72132bff0e79}</UniqueIdentifier>
    </Filter>
    <Filter Include="engine\input">
      <UniqueIdentifier>{a6eb674f-3ddc-4ba7-a08d-a0dcf35d9008}</UniqueIdentifier>
    </Filter>
    <Filter Include="engine\texture">
      <UniqueIdentifier>{96a45f9a-345d-443a-a1fe-fc0d8f568c30}</UniqueIdentifier>
    </Filter>
    <Filter Include="engine\audio">
      <UniqueIdentifier>{6670dcda-003c-430e-a2b9-d1f9f823f6db}</UniqueIdentifier>
    </Filter>
    <Filter Include="engine\model">
      <UniqueIdentifier>{1c05ca22-0f61-41fb-8493-32755ab606a8}</UniqueIdentifier>
    </Filter>
    <Filter Include="engine\camera">
      <UniqueIdentifier>{72034ad0-fae9-4e07-b141-f7b6a9a6b86a}</UniqueIdentifier>
    </Filter>
    <Filter Include="engine\math">
      <UniqueIdentifier>{758a4b7f-54bf-4e22-9b22-3fe1c90ac298}</UniqueIdentifier>
    </Filter>
    <Filter Include="engine\math\ソース">
      <UniqueIdentifier>{0c0bbc6b-9fbd-4b17-a0a3-b1d86f52b772}</UniqueIdentifier>
    </Filter>
    <Filter Include="engine\math\ヘッダー">
      <UniqueIdentifier>{cf199f77-ef45-4d1a-9eb5-a4ee66c5c778}</UniqueIdentifier>
    </Filter>
    <Filter Include="engine\sprite">
      <UniqueIdentifier>{8c687e92-30a5-41af-a221-88eb0af97a08}</UniqueIdentifier>
    </Filter>
    <Filter Include="engine\color">
      <UniqueIdentifier>{94a88ef5-e7c6-4281-8040-35b348a1800e}</UniqueIdentifier>
    </Filter>
    <Filter Include="engine\draw">
      <UniqueIdentifier>{d19a01a2-c0d0-4e5e-80e3-3da67379ee2e}</UniqueIdentifier>
    </Filter>
    <Filter Include="engine\draw\grid">
      <UniqueIdentifier>{3b8f584c-f6e4-4388-bb46-932f7028ce40}</UniqueIdentifier>
    </Filter>
    <Filter Include="engine\draw\line">
      <UniqueIdentifier>{6a943e0f-3c78-43b0-b014-72ce0f37b151}</UniqueIdentifier>
    </Filter>
    <Filter Include="engine\pso\graphicsPipelineStateBuilder">
      <UniqueIdentifier>{0dcd3888-fea4-4a74-ba24-aa32f97e33de}</UniqueIdentifier>
    </Filter>
    <Filter Include="engine\pso\rootSignatureBuilder">
      <UniqueIdentifier>{be4636dc-2402-439f-9f69-ab50809e0840}</UniqueIdentifier>
    </Filter>
    <Filter Include="engine\pso\ShaderCompiler">
      <UniqueIdentifier>{0d9ef477-636c-43b2-818b-5546b848f682}</UniqueIdentifier>
    </Filter>
    <Filter Include="engine\windows">
      <UniqueIdentifier>{19a6279b-b423-49c0-ac3d-e4c401fb9dff}</UniqueIdentifier>
    </Filter>
  </ItemGroup>
  <ItemGroup>
    <ClCompile Include="main.cpp">
      <Filter>ソース ファイル</Filter>
    </ClCompile>
    <ClCompile Include="externals\imgui\imgui.cpp">
      <Filter>外部ファイル\imgui</Filter>
    </ClCompile>
    <ClCompile Include="externals\imgui\imgui_demo.cpp">
      <Filter>外部ファイル\imgui</Filter>
    </ClCompile>
    <ClCompile Include="externals\imgui\imgui_draw.cpp">
      <Filter>外部ファイル\imgui</Filter>
    </ClCompile>
    <ClCompile Include="externals\imgui\imgui_impl_dx12.cpp">
      <Filter>外部ファイル\imgui</Filter>
    </ClCompile>
    <ClCompile Include="externals\imgui\imgui_impl_win32.cpp">
      <Filter>外部ファイル\imgui</Filter>
    </ClCompile>
    <ClCompile Include="externals\imgui\imgui_tables.cpp">
      <Filter>外部ファイル\imgui</Filter>
    </ClCompile>
    <ClCompile Include="externals\imgui\imgui_widgets.cpp">
      <Filter>外部ファイル\imgui</Filter>
    </ClCompile>
    <ClCompile Include="externals\Audio\xaudio_player_mf.cpp">
      <Filter>外部ファイル\audio</Filter>
    </ClCompile>
    <ClCompile Include="engine\common\DirectXCommon.cpp">
      <Filter>engine\directXCommon</Filter>
    </ClCompile>
    <ClCompile Include="engine\function\Utility.cpp">
      <Filter>engine\Func</Filter>
    </ClCompile>
    <ClCompile Include="engine\imgui\ImGuiManager.cpp">
      <Filter>engine\imgui</Filter>
    </ClCompile>
    <ClCompile Include="engine\input\Input.cpp">
      <Filter>engine\input</Filter>
    </ClCompile>
    <ClCompile Include="engine\texture\TextureManager.cpp">
      <Filter>engine\texture</Filter>
    </ClCompile>
    <ClCompile Include="engine\audio\AudioPlayer.cpp">
      <Filter>engine\audio</Filter>
    </ClCompile>
    <ClCompile Include="engine\math\Convert.cpp">
      <Filter>engine\math\ソース</Filter>
    </ClCompile>
    <ClCompile Include="engine\math\Matrix.cpp">
      <Filter>engine\math\ソース</Filter>
    </ClCompile>
    <ClCompile Include="engine\math\vector.cpp">
      <Filter>engine\math\ソース</Filter>
    </ClCompile>
    <ClCompile Include="engine\model\Model.cpp">
      <Filter>engine\model</Filter>
    </ClCompile>
    <ClCompile Include="engine\bonjin\BonjinEngine.cpp">
      <Filter>engine</Filter>
    </ClCompile>
    <ClCompile Include="engine\camera\Camera.cpp">
      <Filter>engine\camera</Filter>
    </ClCompile>
    <ClCompile Include="engine\sprite\sprite.cpp">
      <Filter>engine\sprite</Filter>
    </ClCompile>
    <ClCompile Include="engine\color\Color.cpp">
      <Filter>engine\color</Filter>
    </ClCompile>
    <ClCompile Include="engine\draw\Grid.cpp">
      <Filter>engine\draw\grid</Filter>
    </ClCompile>
    <ClCompile Include="engine\pso\PSOManager.cpp">
      <Filter>engine\pso</Filter>
    </ClCompile>
    <ClCompile Include="engine\pso\graphicsPipelineStateBuilder\GraphicsPipelineStateBuilder.cpp">
      <Filter>engine\pso\graphicsPipelineStateBuilder</Filter>
    </ClCompile>
    <ClCompile Include="engine\pso\rootSignatureBuilder\RootSignatureBuilder.cpp">
      <Filter>engine\pso\rootSignatureBuilder</Filter>
    </ClCompile>
    <ClCompile Include="engine\pso\shaderCompiler\ShaderCompiler.cpp">
      <Filter>engine\pso\ShaderCompiler</Filter>
    </ClCompile>
    <ClCompile Include="engine\windows\WinApp.cpp">
      <Filter>engine\windows</Filter>
    </ClCompile>
    <ClCompile Include="application\scene\manager\SceneManager.cpp">
      <Filter>ソース ファイル</Filter>
    </ClCompile>
    <ClCompile Include="application\scene\game\GameScene.cpp">
      <Filter>ソース ファイル</Filter>
    </ClCompile>
    <ClCompile Include="engine\time\Time.cpp">
      <Filter>ソース ファイル</Filter>
    </ClCompile>
    <ClCompile Include="application\scene\title\TitleScene.cpp">
      <Filter>ソース ファイル</Filter>
    </ClCompile>
    <ClCompile Include="application\enemy\Debris.cpp">
      <Filter>ソース ファイル</Filter>
    </ClCompile>
    <ClCompile Include="application\enemy\Enemy.cpp">
      <Filter>ソース ファイル</Filter>
    </ClCompile>
    <ClCompile Include="application\field\Skydome.cpp">
      <Filter>ソース ファイル</Filter>
    </ClCompile>
    <ClCompile Include="application\mapchip\MapChipField.cpp">
      <Filter>ソース ファイル</Filter>
    </ClCompile>
    <ClCompile Include="application\others\Collision.cpp">
      <Filter>ソース ファイル</Filter>
    </ClCompile>
    <ClCompile Include="application\player\anchor.cpp">
      <Filter>ソース ファイル</Filter>
    </ClCompile>
    <ClCompile Include="application\player\Player.cpp">
      <Filter>ソース ファイル</Filter>
    </ClCompile>
  </ItemGroup>
  <ItemGroup>
    <ClInclude Include="externals\imgui\imconfig.h">
      <Filter>外部ファイル\imgui</Filter>
    </ClInclude>
    <ClInclude Include="externals\imgui\imgui.h">
      <Filter>外部ファイル\imgui</Filter>
    </ClInclude>
    <ClInclude Include="externals\imgui\imgui_impl_dx12.h">
      <Filter>外部ファイル\imgui</Filter>
    </ClInclude>
    <ClInclude Include="externals\imgui\imgui_impl_win32.h">
      <Filter>外部ファイル\imgui</Filter>
    </ClInclude>
    <ClInclude Include="externals\imgui\imgui_internal.h">
      <Filter>外部ファイル\imgui</Filter>
    </ClInclude>
    <ClInclude Include="externals\imgui\imstb_rectpack.h">
      <Filter>外部ファイル\imgui</Filter>
    </ClInclude>
    <ClInclude Include="externals\imgui\imstb_textedit.h">
      <Filter>外部ファイル\imgui</Filter>
    </ClInclude>
    <ClInclude Include="externals\imgui\imstb_truetype.h">
      <Filter>外部ファイル\imgui</Filter>
    </ClInclude>
    <ClInclude Include="externals\Audio\common.h">
      <Filter>外部ファイル\audio</Filter>
    </ClInclude>
    <ClInclude Include="externals\Audio\xaudio_player_core.h">
      <Filter>外部ファイル\audio</Filter>
    </ClInclude>
    <ClInclude Include="externals\Audio\xaudio_player_mf.h">
      <Filter>外部ファイル\audio</Filter>
    </ClInclude>
    <ClInclude Include="engine\function\Utility.h">
      <Filter>engine\Func</Filter>
    </ClInclude>
    <ClInclude Include="engine\imgui\ImGuiManager.h">
      <Filter>engine\imgui</Filter>
    </ClInclude>
    <ClInclude Include="engine\input\Input.h">
      <Filter>engine\input</Filter>
    </ClInclude>
    <ClInclude Include="engine\texture\TextureManager.h">
      <Filter>engine\texture</Filter>
    </ClInclude>
    <ClInclude Include="engine\audio\AudioPlayer.h">
      <Filter>engine\audio</Filter>
    </ClInclude>
    <ClInclude Include="engine\math\vector.h">
      <Filter>engine\math\ヘッダー</Filter>
    </ClInclude>
    <ClInclude Include="engine\math\Matrix.h">
      <Filter>engine\math\ヘッダー</Filter>
    </ClInclude>
    <ClInclude Include="engine\math\Convert.h">
      <Filter>engine\math\ヘッダー</Filter>
    </ClInclude>
    <ClInclude Include="engine\model\Model.h">
      <Filter>engine\model</Filter>
    </ClInclude>
    <ClInclude Include="engine\bonjin\BonjinEngine.h">
      <Filter>engine</Filter>
    </ClInclude>
    <ClInclude Include="engine\math\Struct.h">
      <Filter>engine\math\ヘッダー</Filter>
    </ClInclude>
    <ClInclude Include="engine\camera\Camera.h">
      <Filter>engine\camera</Filter>
    </ClInclude>
    <ClInclude Include="engine\sprite\sprite.h">
      <Filter>engine\sprite</Filter>
    </ClInclude>
    <ClInclude Include="engine\common\DirectXCommon.h">
      <Filter>engine\directXCommon</Filter>
    </ClInclude>
    <ClInclude Include="engine\color\Color.h">
      <Filter>engine\color</Filter>
    </ClInclude>
    <ClInclude Include="engine\draw\Grid.h">
      <Filter>engine\draw\grid</Filter>
    </ClInclude>
    <ClInclude Include="engine\pso\PSOManager.h">
      <Filter>engine\pso</Filter>
    </ClInclude>
    <ClInclude Include="engine\pso\graphicsPipelineStateBuilder\GraphicsPipelineStateBuilder.h">
      <Filter>engine\pso\graphicsPipelineStateBuilder</Filter>
    </ClInclude>
    <ClInclude Include="engine\pso\rootSignatureBuilder\RootSignatureBuilder.h">
      <Filter>engine\pso\rootSignatureBuilder</Filter>
    </ClInclude>
    <ClInclude Include="engine\pso\shaderCompiler\ShaderCompiler.h">
      <Filter>engine\pso\ShaderCompiler</Filter>
    </ClInclude>
    <ClInclude Include="engine\windows\WinApp.h">
      <Filter>engine\windows</Filter>
    </ClInclude>
    <ClInclude Include="application\scene\manager\SceneManager.h">
      <Filter>ヘッダー ファイル</Filter>
    </ClInclude>
    <ClInclude Include="application\scene\game\GameScene.h">
      <Filter>ヘッダー ファイル</Filter>
    </ClInclude>
    <ClInclude Include="application\scene\base\SceneBase.h">
      <Filter>ヘッダー ファイル</Filter>
    </ClInclude>
    <ClInclude Include="engine\time\Time.h">
      <Filter>ヘッダー ファイル</Filter>
    </ClInclude>
    <ClInclude Include="application\scene\title\TitleScene.h">
      <Filter>ヘッダー ファイル</Filter>
    </ClInclude>
    <ClInclude Include="application\enemy\Debris.h">
      <Filter>ヘッダー ファイル</Filter>
    </ClInclude>
    <ClInclude Include="application\enemy\Enemy.h">
      <Filter>ヘッダー ファイル</Filter>
    </ClInclude>
    <ClInclude Include="application\field\Skydome.h">
      <Filter>ヘッダー ファイル</Filter>
    </ClInclude>
    <ClInclude Include="application\mapchip\MapChipField.h">
      <Filter>ヘッダー ファイル</Filter>
    </ClInclude>
    <ClInclude Include="application\others\Collision.h">
      <Filter>ヘッダー ファイル</Filter>
    </ClInclude>
    <ClInclude Include="application\others\Data.h">
      <Filter>ヘッダー ファイル</Filter>
    </ClInclude>
    <ClInclude Include="application\player\anchor.h">
      <Filter>ヘッダー ファイル</Filter>
    </ClInclude>
    <ClInclude Include="application\player\Player.h">
      <Filter>ヘッダー ファイル</Filter>
    </ClInclude>
  </ItemGroup>
  <ItemGroup>
    <Text Include="externals\imgui\LICENSE.txt">
      <Filter>外部ファイル\imgui</Filter>
    </Text>
  </ItemGroup>
  <ItemGroup>
    <None Include="engine\shander\Object3d.hlsli" />
  </ItemGroup>
  <ItemGroup>
    <FxCompile Include="engine\shader\Grid.VS.hlsl" />
    <FxCompile Include="engine\shader\Grid.PS.hlsl" />
    <FxCompile Include="resources\shader\Object3d.PS.hlsl" />
    <FxCompile Include="resources\shader\Object3d.VS.hlsl" />
  </ItemGroup>
</Project>